// !$*UTF8*$!
{
	archiveVersion = 1;
	classes = {
	};
	objectVersion = 56;
	objects = {

/* Begin PBXBuildFile section */
		95BD625E2B7B281900D6CC6F /* HotProspectsApp.swift in Sources */ = {isa = PBXBuildFile; fileRef = 95BD625D2B7B281900D6CC6F /* HotProspectsApp.swift */; };
		95BD62602B7B281900D6CC6F /* ContentView.swift in Sources */ = {isa = PBXBuildFile; fileRef = 95BD625F2B7B281900D6CC6F /* ContentView.swift */; };
		95BD62622B7B281C00D6CC6F /* Assets.xcassets in Resources */ = {isa = PBXBuildFile; fileRef = 95BD62612B7B281C00D6CC6F /* Assets.xcassets */; };
		95BD62652B7B281C00D6CC6F /* Preview Assets.xcassets in Resources */ = {isa = PBXBuildFile; fileRef = 95BD62642B7B281C00D6CC6F /* Preview Assets.xcassets */; };
		95BD626C2B7C705600D6CC6F /* MultipleSelectionView.swift in Sources */ = {isa = PBXBuildFile; fileRef = 95BD626B2B7C705600D6CC6F /* MultipleSelectionView.swift */; };
		95BD626F2B7C745B00D6CC6F /* NavView.swift in Sources */ = {isa = PBXBuildFile; fileRef = 95BD626E2B7C745B00D6CC6F /* NavView.swift */; };
		95BD62712B7E922F00D6CC6F /* ResultView.swift in Sources */ = {isa = PBXBuildFile; fileRef = 95BD62702B7E922F00D6CC6F /* ResultView.swift */; };
		95BD62732B7F167000D6CC6F /* ImageInterpolationView.swift in Sources */ = {isa = PBXBuildFile; fileRef = 95BD62722B7F167000D6CC6F /* ImageInterpolationView.swift */; };
		95CFD62A2B813AB600F61710 /* ContextMenuView.swift in Sources */ = {isa = PBXBuildFile; fileRef = 95CFD6292B813AB600F61710 /* ContextMenuView.swift */; };
		95CFD62C2B822E2400F61710 /* CustomRowSwipeView.swift in Sources */ = {isa = PBXBuildFile; fileRef = 95CFD62B2B822E2400F61710 /* CustomRowSwipeView.swift */; };
		95CFD62E2B82326F00F61710 /* LocalNotificationView.swift in Sources */ = {isa = PBXBuildFile; fileRef = 95CFD62D2B82326F00F61710 /* LocalNotificationView.swift */; };
		95CFD6312B849ACB00F61710 /* SamplePackage in Frameworks */ = {isa = PBXBuildFile; productRef = 95CFD6302B849ACB00F61710 /* SamplePackage */; };
/* End PBXBuildFile section */

/* Begin PBXFileReference section */
		95BD625A2B7B281900D6CC6F /* HotProspects.app */ = {isa = PBXFileReference; explicitFileType = wrapper.application; includeInIndex = 0; path = HotProspects.app; sourceTree = BUILT_PRODUCTS_DIR; };
		95BD625D2B7B281900D6CC6F /* HotProspectsApp.swift */ = {isa = PBXFileReference; lastKnownFileType = sourcecode.swift; path = HotProspectsApp.swift; sourceTree = "<group>"; };
		95BD625F2B7B281900D6CC6F /* ContentView.swift */ = {isa = PBXFileReference; lastKnownFileType = sourcecode.swift; path = ContentView.swift; sourceTree = "<group>"; };
		95BD62612B7B281C00D6CC6F /* Assets.xcassets */ = {isa = PBXFileReference; lastKnownFileType = folder.assetcatalog; path = Assets.xcassets; sourceTree = "<group>"; };
		95BD62642B7B281C00D6CC6F /* Preview Assets.xcassets */ = {isa = PBXFileReference; lastKnownFileType = folder.assetcatalog; path = "Preview Assets.xcassets"; sourceTree = "<group>"; };
		95BD626B2B7C705600D6CC6F /* MultipleSelectionView.swift */ = {isa = PBXFileReference; lastKnownFileType = sourcecode.swift; path = MultipleSelectionView.swift; sourceTree = "<group>"; };
		95BD626E2B7C745B00D6CC6F /* NavView.swift */ = {isa = PBXFileReference; lastKnownFileType = sourcecode.swift; path = NavView.swift; sourceTree = "<group>"; };
		95BD62702B7E922F00D6CC6F /* ResultView.swift */ = {isa = PBXFileReference; lastKnownFileType = sourcecode.swift; path = ResultView.swift; sourceTree = "<group>"; };
		95BD62722B7F167000D6CC6F /* ImageInterpolationView.swift */ = {isa = PBXFileReference; lastKnownFileType = sourcecode.swift; path = ImageInterpolationView.swift; sourceTree = "<group>"; };
		95CFD6292B813AB600F61710 /* ContextMenuView.swift */ = {isa = PBXFileReference; lastKnownFileType = sourcecode.swift; path = ContextMenuView.swift; sourceTree = "<group>"; };
		95CFD62B2B822E2400F61710 /* CustomRowSwipeView.swift */ = {isa = PBXFileReference; lastKnownFileType = sourcecode.swift; path = CustomRowSwipeView.swift; sourceTree = "<group>"; };
		95CFD62D2B82326F00F61710 /* LocalNotificationView.swift */ = {isa = PBXFileReference; lastKnownFileType = sourcecode.swift; path = LocalNotificationView.swift; sourceTree = "<group>"; };
/* End PBXFileReference section */

/* Begin PBXFrameworksBuildPhase section */
		95BD62572B7B281900D6CC6F /* Frameworks */ = {
			isa = PBXFrameworksBuildPhase;
			buildActionMask = 2147483647;
			files = (
				95CFD6312B849ACB00F61710 /* SamplePackage in Frameworks */,
			);
			runOnlyForDeploymentPostprocessing = 0;
		};
/* End PBXFrameworksBuildPhase section */

/* Begin PBXGroup section */
		95BD62512B7B281900D6CC6F = {
			isa = PBXGroup;
			children = (
				95BD625C2B7B281900D6CC6F /* HotProspects */,
				95BD625B2B7B281900D6CC6F /* Products */,
			);
			sourceTree = "<group>";
		};
		95BD625B2B7B281900D6CC6F /* Products */ = {
			isa = PBXGroup;
			children = (
				95BD625A2B7B281900D6CC6F /* HotProspects.app */,
			);
			name = Products;
			sourceTree = "<group>";
		};
		95BD625C2B7B281900D6CC6F /* HotProspects */ = {
			isa = PBXGroup;
			children = (
				95BD626D2B7C70A400D6CC6F /* Study */,
				95BD625D2B7B281900D6CC6F /* HotProspectsApp.swift */,
				95BD625F2B7B281900D6CC6F /* ContentView.swift */,
				95BD62612B7B281C00D6CC6F /* Assets.xcassets */,
				95BD62632B7B281C00D6CC6F /* Preview Content */,
			);
			path = HotProspects;
			sourceTree = "<group>";
		};
		95BD62632B7B281C00D6CC6F /* Preview Content */ = {
			isa = PBXGroup;
			children = (
				95BD62642B7B281C00D6CC6F /* Preview Assets.xcassets */,
			);
			path = "Preview Content";
			sourceTree = "<group>";
		};
		95BD626D2B7C70A400D6CC6F /* Study */ = {
			isa = PBXGroup;
			children = (
				95BD626B2B7C705600D6CC6F /* MultipleSelectionView.swift */,
				95BD626E2B7C745B00D6CC6F /* NavView.swift */,
				95BD62702B7E922F00D6CC6F /* ResultView.swift */,
				95BD62722B7F167000D6CC6F /* ImageInterpolationView.swift */,
				95CFD6292B813AB600F61710 /* ContextMenuView.swift */,
				95CFD62B2B822E2400F61710 /* CustomRowSwipeView.swift */,
				95CFD62D2B82326F00F61710 /* LocalNotificationView.swift */,
			);
			path = Study;
			sourceTree = "<group>";
		};
/* End PBXGroup section */

/* Begin PBXNativeTarget section */
		95BD62592B7B281900D6CC6F /* HotProspects */ = {
			isa = PBXNativeTarget;
			buildConfigurationList = 95BD62682B7B281C00D6CC6F /* Build configuration list for PBXNativeTarget "HotProspects" */;
			buildPhases = (
				95BD62562B7B281900D6CC6F /* Sources */,
				95BD62572B7B281900D6CC6F /* Frameworks */,
				95BD62582B7B281900D6CC6F /* Resources */,
			);
			buildRules = (
			);
			dependencies = (
			);
			name = HotProspects;
			packageProductDependencies = (
				95CFD6302B849ACB00F61710 /* SamplePackage */,
			);
			productName = HotProspects;
			productReference = 95BD625A2B7B281900D6CC6F /* HotProspects.app */;
			productType = "com.apple.product-type.application";
		};
/* End PBXNativeTarget section */

/* Begin PBXProject section */
		95BD62522B7B281900D6CC6F /* Project object */ = {
			isa = PBXProject;
			attributes = {
				BuildIndependentTargetsInParallel = 1;
				LastSwiftUpdateCheck = 1510;
				LastUpgradeCheck = 1510;
				TargetAttributes = {
					95BD62592B7B281900D6CC6F = {
						CreatedOnToolsVersion = 15.1;
					};
				};
			};
			buildConfigurationList = 95BD62552B7B281900D6CC6F /* Build configuration list for PBXProject "HotProspects" */;
			compatibilityVersion = "Xcode 14.0";
			developmentRegion = en;
			hasScannedForEncodings = 0;
			knownRegions = (
				en,
				Base,
			);
			mainGroup = 95BD62512B7B281900D6CC6F;
			packageReferences = (
				95CFD62F2B849ACA00F61710 /* XCRemoteSwiftPackageReference "SamplePackage" */,
			);
			productRefGroup = 95BD625B2B7B281900D6CC6F /* Products */;
			projectDirPath = "";
			projectRoot = "";
			targets = (
				95BD62592B7B281900D6CC6F /* HotProspects */,
			);
		};
/* End PBXProject section */

/* Begin PBXResourcesBuildPhase section */
		95BD62582B7B281900D6CC6F /* Resources */ = {
			isa = PBXResourcesBuildPhase;
			buildActionMask = 2147483647;
			files = (
				95BD62652B7B281C00D6CC6F /* Preview Assets.xcassets in Resources */,
				95BD62622B7B281C00D6CC6F /* Assets.xcassets in Resources */,
			);
			runOnlyForDeploymentPostprocessing = 0;
		};
/* End PBXResourcesBuildPhase section */

/* Begin PBXSourcesBuildPhase section */
		95BD62562B7B281900D6CC6F /* Sources */ = {
			isa = PBXSourcesBuildPhase;
			buildActionMask = 2147483647;
			files = (
				95BD626F2B7C745B00D6CC6F /* NavView.swift in Sources */,
				95CFD62C2B822E2400F61710 /* CustomRowSwipeView.swift in Sources */,
				95BD626C2B7C705600D6CC6F /* MultipleSelectionView.swift in Sources */,
				95BD62712B7E922F00D6CC6F /* ResultView.swift in Sources */,
				95BD62732B7F167000D6CC6F /* ImageInterpolationView.swift in Sources */,
				95BD62602B7B281900D6CC6F /* ContentView.swift in Sources */,
				95CFD62E2B82326F00F61710 /* LocalNotificationView.swift in Sources */,
				95BD625E2B7B281900D6CC6F /* HotProspectsApp.swift in Sources */,
				95CFD62A2B813AB600F61710 /* ContextMenuView.swift in Sources */,
			);
			runOnlyForDeploymentPostprocessing = 0;
		};
/* End PBXSourcesBuildPhase section */

/* Begin XCBuildConfiguration section */
		95BD62662B7B281C00D6CC6F /* Debug */ = {
			isa = XCBuildConfiguration;
			buildSettings = {
				ALWAYS_SEARCH_USER_PATHS = NO;
				ASSETCATALOG_COMPILER_GENERATE_SWIFT_ASSET_SYMBOL_EXTENSIONS = YES;
				CLANG_ANALYZER_NONNULL = YES;
				CLANG_ANALYZER_NUMBER_OBJECT_CONVERSION = YES_AGGRESSIVE;
				CLANG_CXX_LANGUAGE_STANDARD = "gnu++20";
				CLANG_ENABLE_MODULES = YES;
				CLANG_ENABLE_OBJC_ARC = YES;
				CLANG_ENABLE_OBJC_WEAK = YES;
				CLANG_WARN_BLOCK_CAPTURE_AUTORELEASING = YES;
				CLANG_WARN_BOOL_CONVERSION = YES;
				CLANG_WARN_COMMA = YES;
				CLANG_WARN_CONSTANT_CONVERSION = YES;
				CLANG_WARN_DEPRECATED_OBJC_IMPLEMENTATIONS = YES;
				CLANG_WARN_DIRECT_OBJC_ISA_USAGE = YES_ERROR;
				CLANG_WARN_DOCUMENTATION_COMMENTS = YES;
				CLANG_WARN_EMPTY_BODY = YES;
				CLANG_WARN_ENUM_CONVERSION = YES;
				CLANG_WARN_INFINITE_RECURSION = YES;
				CLANG_WARN_INT_CONVERSION = YES;
				CLANG_WARN_NON_LITERAL_NULL_CONVERSION = YES;
				CLANG_WARN_OBJC_IMPLICIT_RETAIN_SELF = YES;
				CLANG_WARN_OBJC_LITERAL_CONVERSION = YES;
				CLANG_WARN_OBJC_ROOT_CLASS = YES_ERROR;
				CLANG_WARN_QUOTED_INCLUDE_IN_FRAMEWORK_HEADER = YES;
				CLANG_WARN_RANGE_LOOP_ANALYSIS = YES;
				CLANG_WARN_STRICT_PROTOTYPES = YES;
				CLANG_WARN_SUSPICIOUS_MOVE = YES;
				CLANG_WARN_UNGUARDED_AVAILABILITY = YES_AGGRESSIVE;
				CLANG_WARN_UNREACHABLE_CODE = YES;
				CLANG_WARN__DUPLICATE_METHOD_MATCH = YES;
				COPY_PHASE_STRIP = NO;
				DEBUG_INFORMATION_FORMAT = dwarf;
				ENABLE_STRICT_OBJC_MSGSEND = YES;
				ENABLE_TESTABILITY = YES;
				ENABLE_USER_SCRIPT_SANDBOXING = YES;
				GCC_C_LANGUAGE_STANDARD = gnu17;
				GCC_DYNAMIC_NO_PIC = NO;
				GCC_NO_COMMON_BLOCKS = YES;
				GCC_OPTIMIZATION_LEVEL = 0;
				GCC_PREPROCESSOR_DEFINITIONS = (
					"DEBUG=1",
					"$(inherited)",
				);
				GCC_WARN_64_TO_32_BIT_CONVERSION = YES;
				GCC_WARN_ABOUT_RETURN_TYPE = YES_ERROR;
				GCC_WARN_UNDECLARED_SELECTOR = YES;
				GCC_WARN_UNINITIALIZED_AUTOS = YES_AGGRESSIVE;
				GCC_WARN_UNUSED_FUNCTION = YES;
				GCC_WARN_UNUSED_VARIABLE = YES;
				IPHONEOS_DEPLOYMENT_TARGET = 17.2;
				LOCALIZATION_PREFERS_STRING_CATALOGS = YES;
				MTL_ENABLE_DEBUG_INFO = INCLUDE_SOURCE;
				MTL_FAST_MATH = YES;
				ONLY_ACTIVE_ARCH = YES;
				SDKROOT = iphoneos;
				SWIFT_ACTIVE_COMPILATION_CONDITIONS = "DEBUG $(inherited)";
				SWIFT_OPTIMIZATION_LEVEL = "-Onone";
			};
			name = Debug;
		};
		95BD62672B7B281C00D6CC6F /* Release */ = {
			isa = XCBuildConfiguration;
			buildSettings = {
				ALWAYS_SEARCH_USER_PATHS = NO;
				ASSETCATALOG_COMPILER_GENERATE_SWIFT_ASSET_SYMBOL_EXTENSIONS = YES;
				CLANG_ANALYZER_NONNULL = YES;
				CLANG_ANALYZER_NUMBER_OBJECT_CONVERSION = YES_AGGRESSIVE;
				CLANG_CXX_LANGUAGE_STANDARD = "gnu++20";
				CLANG_ENABLE_MODULES = YES;
				CLANG_ENABLE_OBJC_ARC = YES;
				CLANG_ENABLE_OBJC_WEAK = YES;
				CLANG_WARN_BLOCK_CAPTURE_AUTORELEASING = YES;
				CLANG_WARN_BOOL_CONVERSION = YES;
				CLANG_WARN_COMMA = YES;
				CLANG_WARN_CONSTANT_CONVERSION = YES;
				CLANG_WARN_DEPRECATED_OBJC_IMPLEMENTATIONS = YES;
				CLANG_WARN_DIRECT_OBJC_ISA_USAGE = YES_ERROR;
				CLANG_WARN_DOCUMENTATION_COMMENTS = YES;
				CLANG_WARN_EMPTY_BODY = YES;
				CLANG_WARN_ENUM_CONVERSION = YES;
				CLANG_WARN_INFINITE_RECURSION = YES;
				CLANG_WARN_INT_CONVERSION = YES;
				CLANG_WARN_NON_LITERAL_NULL_CONVERSION = YES;
				CLANG_WARN_OBJC_IMPLICIT_RETAIN_SELF = YES;
				CLANG_WARN_OBJC_LITERAL_CONVERSION = YES;
				CLANG_WARN_OBJC_ROOT_CLASS = YES_ERROR;
				CLANG_WARN_QUOTED_INCLUDE_IN_FRAMEWORK_HEADER = YES;
				CLANG_WARN_RANGE_LOOP_ANALYSIS = YES;
				CLANG_WARN_STRICT_PROTOTYPES = YES;
				CLANG_WARN_SUSPICIOUS_MOVE = YES;
				CLANG_WARN_UNGUARDED_AVAILABILITY = YES_AGGRESSIVE;
				CLANG_WARN_UNREACHABLE_CODE = YES;
				CLANG_WARN__DUPLICATE_METHOD_MATCH = YES;
				COPY_PHASE_STRIP = NO;
				DEBUG_INFORMATION_FORMAT = "dwarf-with-dsym";
				ENABLE_NS_ASSERTIONS = NO;
				ENABLE_STRICT_OBJC_MSGSEND = YES;
				ENABLE_USER_SCRIPT_SANDBOXING = YES;
				GCC_C_LANGUAGE_STANDARD = gnu17;
				GCC_NO_COMMON_BLOCKS = YES;
				GCC_WARN_64_TO_32_BIT_CONVERSION = YES;
				GCC_WARN_ABOUT_RETURN_TYPE = YES_ERROR;
				GCC_WARN_UNDECLARED_SELECTOR = YES;
				GCC_WARN_UNINITIALIZED_AUTOS = YES_AGGRESSIVE;
				GCC_WARN_UNUSED_FUNCTION = YES;
				GCC_WARN_UNUSED_VARIABLE = YES;
				IPHONEOS_DEPLOYMENT_TARGET = 17.2;
				LOCALIZATION_PREFERS_STRING_CATALOGS = YES;
				MTL_ENABLE_DEBUG_INFO = NO;
				MTL_FAST_MATH = YES;
				SDKROOT = iphoneos;
				SWIFT_COMPILATION_MODE = wholemodule;
				VALIDATE_PRODUCT = YES;
			};
			name = Release;
		};
		95BD62692B7B281C00D6CC6F /* Debug */ = {
			isa = XCBuildConfiguration;
			buildSettings = {
				ASSETCATALOG_COMPILER_APPICON_NAME = AppIcon;
				ASSETCATALOG_COMPILER_GLOBAL_ACCENT_COLOR_NAME = AccentColor;
				CODE_SIGN_STYLE = Automatic;
				CURRENT_PROJECT_VERSION = 1;
				DEVELOPMENT_ASSET_PATHS = "\"HotProspects/Preview Content\"";
				DEVELOPMENT_TEAM = 9E3N64F2YY;
				ENABLE_PREVIEWS = YES;
				GENERATE_INFOPLIST_FILE = YES;
				INFOPLIST_KEY_UIApplicationSceneManifest_Generation = YES;
				INFOPLIST_KEY_UIApplicationSupportsIndirectInputEvents = YES;
				INFOPLIST_KEY_UILaunchScreen_Generation = YES;
				INFOPLIST_KEY_UISupportedInterfaceOrientations_iPad = "UIInterfaceOrientationPortrait UIInterfaceOrientationPortraitUpsideDown UIInterfaceOrientationLandscapeLeft UIInterfaceOrientationLandscapeRight";
				INFOPLIST_KEY_UISupportedInterfaceOrientations_iPhone = "UIInterfaceOrientationPortrait UIInterfaceOrientationLandscapeLeft UIInterfaceOrientationLandscapeRight";
				LD_RUNPATH_SEARCH_PATHS = (
					"$(inherited)",
					"@executable_path/Frameworks",
				);
				MARKETING_VERSION = 1.0;
				PRODUCT_BUNDLE_IDENTIFIER = Home.HotProspects;
				PRODUCT_NAME = "$(TARGET_NAME)";
				SWIFT_EMIT_LOC_STRINGS = YES;
				SWIFT_VERSION = 5.0;
				TARGETED_DEVICE_FAMILY = "1,2";
			};
			name = Debug;
		};
		95BD626A2B7B281C00D6CC6F /* Release */ = {
			isa = XCBuildConfiguration;
			buildSettings = {
				ASSETCATALOG_COMPILER_APPICON_NAME = AppIcon;
				ASSETCATALOG_COMPILER_GLOBAL_ACCENT_COLOR_NAME = AccentColor;
				CODE_SIGN_STYLE = Automatic;
				CURRENT_PROJECT_VERSION = 1;
				DEVELOPMENT_ASSET_PATHS = "\"HotProspects/Preview Content\"";
				DEVELOPMENT_TEAM = 9E3N64F2YY;
				ENABLE_PREVIEWS = YES;
				GENERATE_INFOPLIST_FILE = YES;
				INFOPLIST_KEY_UIApplicationSceneManifest_Generation = YES;
				INFOPLIST_KEY_UIApplicationSupportsIndirectInputEvents = YES;
				INFOPLIST_KEY_UILaunchScreen_Generation = YES;
				INFOPLIST_KEY_UISupportedInterfaceOrientations_iPad = "UIInterfaceOrientationPortrait UIInterfaceOrientationPortraitUpsideDown UIInterfaceOrientationLandscapeLeft UIInterfaceOrientationLandscapeRight";
				INFOPLIST_KEY_UISupportedInterfaceOrientations_iPhone = "UIInterfaceOrientationPortrait UIInterfaceOrientationLandscapeLeft UIInterfaceOrientationLandscapeRight";
				LD_RUNPATH_SEARCH_PATHS = (
					"$(inherited)",
					"@executable_path/Frameworks",
				);
				MARKETING_VERSION = 1.0;
				PRODUCT_BUNDLE_IDENTIFIER = Home.HotProspects;
				PRODUCT_NAME = "$(TARGET_NAME)";
				SWIFT_EMIT_LOC_STRINGS = YES;
				SWIFT_VERSION = 5.0;
				TARGETED_DEVICE_FAMILY = "1,2";
			};
			name = Release;
		};
/* End XCBuildConfiguration section */

/* Begin XCConfigurationList section */
		95BD62552B7B281900D6CC6F /* Build configuration list for PBXProject "HotProspects" */ = {
			isa = XCConfigurationList;
			buildConfigurations = (
				95BD62662B7B281C00D6CC6F /* Debug */,
				95BD62672B7B281C00D6CC6F /* Release */,
			);
			defaultConfigurationIsVisible = 0;
			defaultConfigurationName = Release;
		};
		95BD62682B7B281C00D6CC6F /* Build configuration list for PBXNativeTarget "HotProspects" */ = {
			isa = XCConfigurationList;
			buildConfigurations = (
				95BD62692B7B281C00D6CC6F /* Debug */,
				95BD626A2B7B281C00D6CC6F /* Release */,
			);
			defaultConfigurationIsVisible = 0;
			defaultConfigurationName = Release;
		};
/* End XCConfigurationList section */

/* Begin XCRemoteSwiftPackageReference section */
		95CFD62F2B849ACA00F61710 /* XCRemoteSwiftPackageReference "SamplePackage" */ = {
			isa = XCRemoteSwiftPackageReference;
			repositoryURL = "https://github.com/twostraws/SamplePackage";
			requirement = {
				kind = upToNextMajorVersion;
				minimumVersion = 1.0.0;
			};
		};
/* End XCRemoteSwiftPackageReference section */

/* Begin XCSwiftPackageProductDependency section */
		95CFD6302B849ACB00F61710 /* SamplePackage */ = {
			isa = XCSwiftPackageProductDependency;
			package = 95CFD62F2B849ACA00F61710 /* XCRemoteSwiftPackageReference "SamplePackage" */;
			productName = SamplePackage;
		};
/* End XCSwiftPackageProductDependency section */
	};
	rootObject = 95BD62522B7B281900D6CC6F /* Project object */;
}
